
Microsoft Visual Studio Solution File, Format Version 12.00
# Visual Studio 14
VisualStudioVersion = 14.0.25420.1
MinimumVisualStudioVersion = 10.0.40219.1
Project("{E24C65DC-7377-472B-9ABA-BC803B73C61A}") = "Indev3WebSite", "Indev3WebSite\", "{664D2ED8-10CF-4933-A10B-FF8500D8C6B4}"
	ProjectSection(WebsiteProperties) = preProject
		TargetFrameworkMoniker = ".NETFramework,Version%3Dv2.0"
		Debug.AspNetCompiler.VirtualPath = "/Indev3WebSite"
		Debug.AspNetCompiler.PhysicalPath = "Indev3WebSite\"
		Debug.AspNetCompiler.TargetPath = "PrecompiledWeb\Indev3WebSite\"
		Debug.AspNetCompiler.Updateable = "true"
		Debug.AspNetCompiler.ForceOverwrite = "true"
		Debug.AspNetCompiler.FixedNames = "false"
		Debug.AspNetCompiler.Debug = "True"
		Release.AspNetCompiler.VirtualPath = "/Indev3WebSite"
		Release.AspNetCompiler.PhysicalPath = "Indev3WebSite\"
		Release.AspNetCompiler.TargetPath = "PrecompiledWeb\Indev3WebSite\"
		Release.AspNetCompiler.Updateable = "true"
		Release.AspNetCompiler.ForceOverwrite = "true"
		Release.AspNetCompiler.FixedNames = "false"
		Release.AspNetCompiler.Debug = "False"
		VWDPort = "30487"
		SlnRelativePath = "Indev3WebSite\"
		DefaultWebSiteLanguage = "Visual C#"
	EndProjectSection
EndProject
Global
	GlobalSection(SolutionConfigurationPlatforms) = preSolution
		Debug|.NET = Debug|.NET
	EndGlobalSection
	GlobalSection(ProjectConfigurationPlatforms) = postSolution
		{664D2ED8-10CF-4933-A10B-FF8500D8C6B4}.Debug|.NET.ActiveCfg = Debug|Any CPU
		{664D2ED8-10CF-4933-A10B-FF8500D8C6B4}.Debug|.NET.Build.0 = Debug|Any CPU
	EndGlobalSection
	GlobalSection(SolutionProperties) = preSolution
		HideSolutionNode = FALSE
	EndGlobalSection
EndGlobal
